
Microsoft Visual Studio Solution File, Format Version 12.00
# Visual Studio Version 17
VisualStudioVersion = 17.13.35818.85
MinimumVisualStudioVersion = 10.0.40219.1
Project("{2150E333-8FDC-42A3-9474-1A3956D46DE8}") = "Core", "Core", "{02EA681E-C7D8-13C7-8484-4AC65E1B71E8}"
EndProject
Project("{2150E333-8FDC-42A3-9474-1A3956D46DE8}") = "Presentation", "Presentation", "{EC6E431F-A4D8-4CA8-8575-03A972C43CBA}"
EndProject
Project("{FAE04EC0-301F-11D3-BF4B-00C04F79EFBC}") = "ServerApps.Business", "Core\ServerApps.Business\ServerApps.Business.csproj", "{BBAC449D-3098-4738-AB90-70CEFAE2C427}"
EndProject
Project("{FAE04EC0-301F-11D3-BF4B-00C04F79EFBC}") = "ServerApps.WebAPI", "Persistence\ServerApps.WebAPI\ServerApps.WebAPI.csproj", "{129C6DDC-E122-4C9A-8A12-A59607AD9D03}"
EndProject
Project("{FAE04EC0-301F-11D3-BF4B-00C04F79EFBC}") = "ServerApps.WebApp", "Persistence\ServerApps.WebApp\ServerApps.WebApp.csproj", "{83ADB52F-15B5-4AC5-8A94-F23E86AD34A3}"
EndProject
Project("{2150E333-8FDC-42A3-9474-1A3956D46DE8}") = "Solution Items", "Solution Items", "{8EC462FD-D22E-90A8-E5CE-7E832BA40C5D}"
	ProjectSection(SolutionItems) = preProject
		NOTES.txt = NOTES.txt
	EndProjectSection
EndProject
Project("{2150E333-8FDC-42A3-9474-1A3956D46DE8}") = "Data", "Data", "{EA52FE0E-17BD-40F4-B147-8141A4B0F99E}"
EndProject
Project("{FAE04EC0-301F-11D3-BF4B-00C04F79EFBC}") = "ServerApps.Persistence", "Data\ServerApps.Persistence\ServerApps.Persistence.csproj", "{61820932-5534-439F-BD18-2CBCF9A78FA9}"
EndProject
Project("{FAE04EC0-301F-11D3-BF4B-00C04F79EFBC}") = "ServerApps.Domain", "Core\ServerApps.Domain\ServerApps.Domain.csproj", "{1CC6A5BA-D8D6-4B82-BC8E-3AB493D7450F}"
EndProject
Project("{FAE04EC0-301F-11D3-BF4B-00C04F79EFBC}") = "ServerApps.WebAPI", "Presentation\ServerApps.WebAPI\ServerApps.WebAPI.csproj", "{2291FD9A-81DB-BC75-A0F9-3689B39B6900}"
EndProject
Project("{FAE04EC0-301F-11D3-BF4B-00C04F79EFBC}") = "ServerApps.WebApp", "Presentation\ServerApps.WebApp\ServerApps.WebApp.csproj", "{F13BD7B3-E5E9-F84C-FAAC-BD997D527703}"
EndProject
Project("{2150E333-8FDC-42A3-9474-1A3956D46DE8}") = "loadFailed", "loadFailed", "{C55A51F0-51AA-4B54-8490-8C6A3CB431FF}"
EndProject
Global
	GlobalSection(SolutionConfigurationPlatforms) = preSolution
		Debug|Any CPU = Debug|Any CPU
		Release|Any CPU = Release|Any CPU
	EndGlobalSection
	GlobalSection(ProjectConfigurationPlatforms) = postSolution
		{BBAC449D-3098-4738-AB90-70CEFAE2C427}.Debug|Any CPU.ActiveCfg = Debug|Any CPU
		{BBAC449D-3098-4738-AB90-70CEFAE2C427}.Debug|Any CPU.Build.0 = Debug|Any CPU
		{BBAC449D-3098-4738-AB90-70CEFAE2C427}.Release|Any CPU.ActiveCfg = Release|Any CPU
		{BBAC449D-3098-4738-AB90-70CEFAE2C427}.Release|Any CPU.Build.0 = Release|Any CPU
		{129C6DDC-E122-4C9A-8A12-A59607AD9D03}.Debug|Any CPU.ActiveCfg = Debug|Any CPU
		{129C6DDC-E122-4C9A-8A12-A59607AD9D03}.Debug|Any CPU.Build.0 = Debug|Any CPU
		{129C6DDC-E122-4C9A-8A12-A59607AD9D03}.Release|Any CPU.ActiveCfg = Release|Any CPU
		{129C6DDC-E122-4C9A-8A12-A59607AD9D03}.Release|Any CPU.Build.0 = Release|Any CPU
		{83ADB52F-15B5-4AC5-8A94-F23E86AD34A3}.Debug|Any CPU.ActiveCfg = Debug|Any CPU
		{83ADB52F-15B5-4AC5-8A94-F23E86AD34A3}.Debug|Any CPU.Build.0 = Debug|Any CPU
		{83ADB52F-15B5-4AC5-8A94-F23E86AD34A3}.Release|Any CPU.ActiveCfg = Release|Any CPU
		{83ADB52F-15B5-4AC5-8A94-F23E86AD34A3}.Release|Any CPU.Build.0 = Release|Any CPU
		{61820932-5534-439F-BD18-2CBCF9A78FA9}.Debug|Any CPU.ActiveCfg = Debug|Any CPU
		{61820932-5534-439F-BD18-2CBCF9A78FA9}.Debug|Any CPU.Build.0 = Debug|Any CPU
		{61820932-5534-439F-BD18-2CBCF9A78FA9}.Release|Any CPU.ActiveCfg = Release|Any CPU
		{61820932-5534-439F-BD18-2CBCF9A78FA9}.Release|Any CPU.Build.0 = Release|Any CPU
		{1CC6A5BA-D8D6-4B82-BC8E-3AB493D7450F}.Debug|Any CPU.ActiveCfg = Debug|Any CPU
		{1CC6A5BA-D8D6-4B82-BC8E-3AB493D7450F}.Debug|Any CPU.Build.0 = Debug|Any CPU
		{1CC6A5BA-D8D6-4B82-BC8E-3AB493D7450F}.Release|Any CPU.ActiveCfg = Release|Any CPU
		{1CC6A5BA-D8D6-4B82-BC8E-3AB493D7450F}.Release|Any CPU.Build.0 = Release|Any CPU
		{2291FD9A-81DB-BC75-A0F9-3689B39B6900}.Debug|Any CPU.ActiveCfg = Debug|Any CPU
		{2291FD9A-81DB-BC75-A0F9-3689B39B6900}.Debug|Any CPU.Build.0 = Debug|Any CPU
		{2291FD9A-81DB-BC75-A0F9-3689B39B6900}.Release|Any CPU.ActiveCfg = Release|Any CPU
		{2291FD9A-81DB-BC75-A0F9-3689B39B6900}.Release|Any CPU.Build.0 = Release|Any CPU
		{F13BD7B3-E5E9-F84C-FAAC-BD997D527703}.Debug|Any CPU.ActiveCfg = Debug|Any CPU
		{F13BD7B3-E5E9-F84C-FAAC-BD997D527703}.Debug|Any CPU.Build.0 = Debug|Any CPU
		{F13BD7B3-E5E9-F84C-FAAC-BD997D527703}.Release|Any CPU.ActiveCfg = Release|Any CPU
		{F13BD7B3-E5E9-F84C-FAAC-BD997D527703}.Release|Any CPU.Build.0 = Release|Any CPU
	EndGlobalSection
	GlobalSection(SolutionProperties) = preSolution
		HideSolutionNode = FALSE
	EndGlobalSection
	GlobalSection(NestedProjects) = preSolution
		{BBAC449D-3098-4738-AB90-70CEFAE2C427} = {02EA681E-C7D8-13C7-8484-4AC65E1B71E8}
		{129C6DDC-E122-4C9A-8A12-A59607AD9D03} = {C55A51F0-51AA-4B54-8490-8C6A3CB431FF}
		{83ADB52F-15B5-4AC5-8A94-F23E86AD34A3} = {C55A51F0-51AA-4B54-8490-8C6A3CB431FF}
		{61820932-5534-439F-BD18-2CBCF9A78FA9} = {EA52FE0E-17BD-40F4-B147-8141A4B0F99E}
		{1CC6A5BA-D8D6-4B82-BC8E-3AB493D7450F} = {02EA681E-C7D8-13C7-8484-4AC65E1B71E8}
		{2291FD9A-81DB-BC75-A0F9-3689B39B6900} = {EC6E431F-A4D8-4CA8-8575-03A972C43CBA}
		{F13BD7B3-E5E9-F84C-FAAC-BD997D527703} = {EC6E431F-A4D8-4CA8-8575-03A972C43CBA}
		{C55A51F0-51AA-4B54-8490-8C6A3CB431FF} = {8EC462FD-D22E-90A8-E5CE-7E832BA40C5D}
	EndGlobalSection
	GlobalSection(ExtensibilityGlobals) = postSolution
		SolutionGuid = {0AFC53F2-3B7A-4436-BD31-C2B7A9C3D620}
	EndGlobalSection
EndGlobal
